Microsoft Visual Studio Solution File, Format Version 12.00
# Visual Studio 2013
Project("{8BC9CEB8-8B4A-11D0-8D11-00A0C91BC942}") = "ALL_BUILD", "ALL_BUILD.vcxproj", "{BFDF46E0-205E-3308-A771-8CB5F3BF93FF}"
	ProjectSection(ProjectDependencies) = postProject
		{048A2723-63F2-3A77-A04D-0CDADC16FA74} = {048A2723-63F2-3A77-A04D-0CDADC16FA74}
		{9A387EA9-D2B2-338C-83ED-1496AA17C711} = {9A387EA9-D2B2-338C-83ED-1496AA17C711}
		{20C174F1-A554-3FD5-8B6E-773694FACCD1} = {20C174F1-A554-3FD5-8B6E-773694FACCD1}
		{BB33B5DD-F6FE-3812-B404-CB51A576BC83} = {BB33B5DD-F6FE-3812-B404-CB51A576BC83}
		{B309442E-8246-3B40-9F74-5CE1CAF9BAEB} = {B309442E-8246-3B40-9F74-5CE1CAF9BAEB}
		{CBB5554E-00E0-3142-A1D4-B64061FA6EAE} = {CBB5554E-00E0-3142-A1D4-B64061FA6EAE}
		{8378374E-507A-363A-BE57-CA37516D6A96} = {8378374E-507A-363A-BE57-CA37516D6A96}
		{44E01EE6-D04A-3230-A969-FCE8419C57DF} = {44E01EE6-D04A-3230-A969-FCE8419C57DF}
		{7329D324-6128-36CD-B034-26040FC6C54B} = {7329D324-6128-36CD-B034-26040FC6C54B}
		{9B145D7E-4F8E-37D6-98ED-1080311FB4EA} = {9B145D7E-4F8E-37D6-98ED-1080311FB4EA}
		{D01EFBB9-74E3-3981-AEE7-724F81761B4A} = {D01EFBB9-74E3-3981-AEE7-724F81761B4A}
		{E850DCF6-0D84-3685-A0E0-A775B214F488} = {E850DCF6-0D84-3685-A0E0-A775B214F488}
		{B984A9B4-023A-387B-B943-DFF92357C1F4} = {B984A9B4-023A-387B-B943-DFF92357C1F4}
		{0DAB2730-AA0D-33D3-AD6E-21CE5A7E429A} = {0DAB2730-AA0D-33D3-AD6E-21CE5A7E429A}
		{62BA8619-D4E8-3E17-BF21-04A0FB0DC7C9} = {62BA8619-D4E8-3E17-BF21-04A0FB0DC7C9}
		{A41E0E4C-DF3F-3068-A98D-540ED161600F} = {A41E0E4C-DF3F-3068-A98D-540ED161600F}
		{FDD779CF-1CA3-364B-87C3-82D351ECBC28} = {FDD779CF-1CA3-364B-87C3-82D351ECBC28}
		{F134CD58-BDC8-33F1-A756-00D430E6ED0B} = {F134CD58-BDC8-33F1-A756-00D430E6ED0B}
		{C203EB5C-9B26-357C-9595-98A0BAFEB1F6} = {C203EB5C-9B26-357C-9595-98A0BAFEB1F6}
		{2B58ECD8-97B7-3215-8AA9-0A92CCC19740} = {2B58ECD8-97B7-3215-8AA9-0A92CCC19740}
		{F6D65E28-B025-364C-B33A-2D710C8E9C7B} = {F6D65E28-B025-364C-B33A-2D710C8E9C7B}
		{0DF03374-FCB4-339A-9D0D-E5724DB54835} = {0DF03374-FCB4-339A-9D0D-E5724DB54835}
		{B61158A8-5001-3878-9B34-D9591E0CC051} = {B61158A8-5001-3878-9B34-D9591E0CC051}
	EndProjectSection
EndProject
Project("{8BC9CEB8-8B4A-11D0-8D11-00A0C91BC942}") = "App_BasicExample", "examples\BasicDemo\App_BasicExample.vcxproj", "{048A2723-63F2-3A77-A04D-0CDADC16FA74}"
	ProjectSection(ProjectDependencies) = postProject
		{9B145D7E-4F8E-37D6-98ED-1080311FB4EA} = {9B145D7E-4F8E-37D6-98ED-1080311FB4EA}
		{D01EFBB9-74E3-3981-AEE7-724F81761B4A} = {D01EFBB9-74E3-3981-AEE7-724F81761B4A}
		{C203EB5C-9B26-357C-9595-98A0BAFEB1F6} = {C203EB5C-9B26-357C-9595-98A0BAFEB1F6}
		{F6D65E28-B025-364C-B33A-2D710C8E9C7B} = {F6D65E28-B025-364C-B33A-2D710C8E9C7B}
	EndProjectSection
EndProject
Project("{8BC9CEB8-8B4A-11D0-8D11-00A0C91BC942}") = "App_ExampleBrowser", "examples\ExampleBrowser\App_ExampleBrowser.vcxproj", "{9A387EA9-D2B2-338C-83ED-1496AA17C711}"
	ProjectSection(ProjectDependencies) = postProject
		{CBB5554E-00E0-3142-A1D4-B64061FA6EAE} = {CBB5554E-00E0-3142-A1D4-B64061FA6EAE}
		{9B145D7E-4F8E-37D6-98ED-1080311FB4EA} = {9B145D7E-4F8E-37D6-98ED-1080311FB4EA}
		{D01EFBB9-74E3-3981-AEE7-724F81761B4A} = {D01EFBB9-74E3-3981-AEE7-724F81761B4A}
		{B984A9B4-023A-387B-B943-DFF92357C1F4} = {B984A9B4-023A-387B-B943-DFF92357C1F4}
		{C203EB5C-9B26-357C-9595-98A0BAFEB1F6} = {C203EB5C-9B26-357C-9595-98A0BAFEB1F6}
		{2B58ECD8-97B7-3215-8AA9-0A92CCC19740} = {2B58ECD8-97B7-3215-8AA9-0A92CCC19740}
		{F6D65E28-B025-364C-B33A-2D710C8E9C7B} = {F6D65E28-B025-364C-B33A-2D710C8E9C7B}
		{B61158A8-5001-3878-9B34-D9591E0CC051} = {B61158A8-5001-3878-9B34-D9591E0CC051}
	EndProjectSection
EndProject
Project("{8BC9CEB8-8B4A-11D0-8D11-00A0C91BC942}") = "App_HelloWorld", "examples\HelloWorld\App_HelloWorld.vcxproj", "{20C174F1-A554-3FD5-8B6E-773694FACCD1}"
	ProjectSection(ProjectDependencies) = postProject
		{9B145D7E-4F8E-37D6-98ED-1080311FB4EA} = {9B145D7E-4F8E-37D6-98ED-1080311FB4EA}
		{D01EFBB9-74E3-3981-AEE7-724F81761B4A} = {D01EFBB9-74E3-3981-AEE7-724F81761B4A}
		{C203EB5C-9B26-357C-9595-98A0BAFEB1F6} = {C203EB5C-9B26-357C-9595-98A0BAFEB1F6}
		{F6D65E28-B025-364C-B33A-2D710C8E9C7B} = {F6D65E28-B025-364C-B33A-2D710C8E9C7B}
	EndProjectSection
EndProject
Project("{8BC9CEB8-8B4A-11D0-8D11-00A0C91BC942}") = "Bullet2FileLoader", "src\Bullet3Serialize\Bullet2FileLoader\Bullet2FileLoader.vcxproj", "{BB33B5DD-F6FE-3812-B404-CB51A576BC83}"
	ProjectSection(ProjectDependencies) = postProject
		{F6D65E28-B025-364C-B33A-2D710C8E9C7B} = {F6D65E28-B025-364C-B33A-2D710C8E9C7B}
	EndProjectSection
EndProject
Project("{8BC9CEB8-8B4A-11D0-8D11-00A0C91BC942}") = "Bullet3Collision", "src\Bullet3Collision\Bullet3Collision.vcxproj", "{B309442E-8246-3B40-9F74-5CE1CAF9BAEB}"
	ProjectSection(ProjectDependencies) = postProject
		{F6D65E28-B025-364C-B33A-2D710C8E9C7B} = {F6D65E28-B025-364C-B33A-2D710C8E9C7B}
	EndProjectSection
EndProject
Project("{8BC9CEB8-8B4A-11D0-8D11-00A0C91BC942}") = "Bullet3Common", "src\Bullet3Common\Bullet3Common.vcxproj", "{CBB5554E-00E0-3142-A1D4-B64061FA6EAE}"
	ProjectSection(ProjectDependencies) = postProject
		{F6D65E28-B025-364C-B33A-2D710C8E9C7B} = {F6D65E28-B025-364C-B33A-2D710C8E9C7B}
	EndProjectSection
EndProject
Project("{8BC9CEB8-8B4A-11D0-8D11-00A0C91BC942}") = "Bullet3Dynamics", "src\Bullet3Dynamics\Bullet3Dynamics.vcxproj", "{8378374E-507A-363A-BE57-CA37516D6A96}"
	ProjectSection(ProjectDependencies) = postProject
		{F6D65E28-B025-364C-B33A-2D710C8E9C7B} = {F6D65E28-B025-364C-B33A-2D710C8E9C7B}
	EndProjectSection
EndProject
Project("{8BC9CEB8-8B4A-11D0-8D11-00A0C91BC942}") = "Bullet3Geometry", "src\Bullet3Geometry\Bullet3Geometry.vcxproj", "{44E01EE6-D04A-3230-A969-FCE8419C57DF}"
	ProjectSection(ProjectDependencies) = postProject
		{F6D65E28-B025-364C-B33A-2D710C8E9C7B} = {F6D65E28-B025-364C-B33A-2D710C8E9C7B}
	EndProjectSection
EndProject
Project("{8BC9CEB8-8B4A-11D0-8D11-00A0C91BC942}") = "Bullet3OpenCL_clew", "src\Bullet3OpenCL\Bullet3OpenCL_clew.vcxproj", "{7329D324-6128-36CD-B034-26040FC6C54B}"
	ProjectSection(ProjectDependencies) = postProject
		{F6D65E28-B025-364C-B33A-2D710C8E9C7B} = {F6D65E28-B025-364C-B33A-2D710C8E9C7B}
	EndProjectSection
EndProject
Project("{8BC9CEB8-8B4A-11D0-8D11-00A0C91BC942}") = "BulletCollision", "src\BulletCollision\BulletCollision.vcxproj", "{9B145D7E-4F8E-37D6-98ED-1080311FB4EA}"
	ProjectSection(ProjectDependencies) = postProject
		{F6D65E28-B025-364C-B33A-2D710C8E9C7B} = {F6D65E28-B025-364C-B33A-2D710C8E9C7B}
	EndProjectSection
EndProject
Project("{8BC9CEB8-8B4A-11D0-8D11-00A0C91BC942}") = "BulletDynamics", "src\BulletDynamics\BulletDynamics.vcxproj", "{D01EFBB9-74E3-3981-AEE7-724F81761B4A}"
	ProjectSection(ProjectDependencies) = postProject
		{F6D65E28-B025-364C-B33A-2D710C8E9C7B} = {F6D65E28-B025-364C-B33A-2D710C8E9C7B}
	EndProjectSection
EndProject
Project("{8BC9CEB8-8B4A-11D0-8D11-00A0C91BC942}") = "BulletFileLoader", "Extras\Serialize\BulletFileLoader\BulletFileLoader.vcxproj", "{E850DCF6-0D84-3685-A0E0-A775B214F488}"
	ProjectSection(ProjectDependencies) = postProject
		{F6D65E28-B025-364C-B33A-2D710C8E9C7B} = {F6D65E28-B025-364C-B33A-2D710C8E9C7B}
	EndProjectSection
EndProject
Project("{8BC9CEB8-8B4A-11D0-8D11-00A0C91BC942}") = "BulletSoftBody", "src\BulletSoftBody\BulletSoftBody.vcxproj", "{B984A9B4-023A-387B-B943-DFF92357C1F4}"
	ProjectSection(ProjectDependencies) = postProject
		{F6D65E28-B025-364C-B33A-2D710C8E9C7B} = {F6D65E28-B025-364C-B33A-2D710C8E9C7B}
	EndProjectSection
EndProject
Project("{8BC9CEB8-8B4A-11D0-8D11-00A0C91BC942}") = "BulletWorldImporter", "Extras\Serialize\BulletWorldImporter\BulletWorldImporter.vcxproj", "{0DAB2730-AA0D-33D3-AD6E-21CE5A7E429A}"
	ProjectSection(ProjectDependencies) = postProject
		{F6D65E28-B025-364C-B33A-2D710C8E9C7B} = {F6D65E28-B025-364C-B33A-2D710C8E9C7B}
	EndProjectSection
EndProject
Project("{8BC9CEB8-8B4A-11D0-8D11-00A0C91BC942}") = "BulletXmlWorldImporter", "Extras\Serialize\BulletXmlWorldImporter\BulletXmlWorldImporter.vcxproj", "{62BA8619-D4E8-3E17-BF21-04A0FB0DC7C9}"
	ProjectSection(ProjectDependencies) = postProject
		{F6D65E28-B025-364C-B33A-2D710C8E9C7B} = {F6D65E28-B025-364C-B33A-2D710C8E9C7B}
	EndProjectSection
EndProject
Project("{8BC9CEB8-8B4A-11D0-8D11-00A0C91BC942}") = "ConvexDecomposition", "Extras\ConvexDecomposition\ConvexDecomposition.vcxproj", "{A41E0E4C-DF3F-3068-A98D-540ED161600F}"
	ProjectSection(ProjectDependencies) = postProject
		{F6D65E28-B025-364C-B33A-2D710C8E9C7B} = {F6D65E28-B025-364C-B33A-2D710C8E9C7B}
	EndProjectSection
EndProject
Project("{8BC9CEB8-8B4A-11D0-8D11-00A0C91BC942}") = "GIMPACTUtils", "Extras\GIMPACTUtils\GIMPACTUtils.vcxproj", "{FDD779CF-1CA3-364B-87C3-82D351ECBC28}"
	ProjectSection(ProjectDependencies) = postProject
		{F6D65E28-B025-364C-B33A-2D710C8E9C7B} = {F6D65E28-B025-364C-B33A-2D710C8E9C7B}
	EndProjectSection
EndProject
Project("{8BC9CEB8-8B4A-11D0-8D11-00A0C91BC942}") = "HACD", "Extras\HACD\HACD.vcxproj", "{F134CD58-BDC8-33F1-A756-00D430E6ED0B}"
	ProjectSection(ProjectDependencies) = postProject
		{F6D65E28-B025-364C-B33A-2D710C8E9C7B} = {F6D65E28-B025-364C-B33A-2D710C8E9C7B}
	EndProjectSection
EndProject
Project("{8BC9CEB8-8B4A-11D0-8D11-00A0C91BC942}") = "INSTALL", "INSTALL.vcxproj", "{B3766683-33E3-3938-A01F-1C31738F3DBB}"
	ProjectSection(ProjectDependencies) = postProject
		{BFDF46E0-205E-3308-A771-8CB5F3BF93FF} = {BFDF46E0-205E-3308-A771-8CB5F3BF93FF}
	EndProjectSection
EndProject
Project("{8BC9CEB8-8B4A-11D0-8D11-00A0C91BC942}") = "LinearMath", "src\LinearMath\LinearMath.vcxproj", "{C203EB5C-9B26-357C-9595-98A0BAFEB1F6}"
	ProjectSection(ProjectDependencies) = postProject
		{F6D65E28-B025-364C-B33A-2D710C8E9C7B} = {F6D65E28-B025-364C-B33A-2D710C8E9C7B}
	EndProjectSection
EndProject
Project("{8BC9CEB8-8B4A-11D0-8D11-00A0C91BC942}") = "OpenGLWindow", "examples\OpenGLWindow\OpenGLWindow.vcxproj", "{2B58ECD8-97B7-3215-8AA9-0A92CCC19740}"
	ProjectSection(ProjectDependencies) = postProject
		{F6D65E28-B025-364C-B33A-2D710C8E9C7B} = {F6D65E28-B025-364C-B33A-2D710C8E9C7B}
	EndProjectSection
EndProject
Project("{8BC9CEB8-8B4A-11D0-8D11-00A0C91BC942}") = "ZERO_CHECK", "ZERO_CHECK.vcxproj", "{F6D65E28-B025-364C-B33A-2D710C8E9C7B}"
	ProjectSection(ProjectDependencies) = postProject
	EndProjectSection
EndProject
Project("{8BC9CEB8-8B4A-11D0-8D11-00A0C91BC942}") = "gtest", "test\gtest-1.7.0\gtest.vcxproj", "{0DF03374-FCB4-339A-9D0D-E5724DB54835}"
	ProjectSection(ProjectDependencies) = postProject
		{F6D65E28-B025-364C-B33A-2D710C8E9C7B} = {F6D65E28-B025-364C-B33A-2D710C8E9C7B}
	EndProjectSection
EndProject
Project("{8BC9CEB8-8B4A-11D0-8D11-00A0C91BC942}") = "gwen", "examples\ThirdPartyLibs\Gwen\gwen.vcxproj", "{B61158A8-5001-3878-9B34-D9591E0CC051}"
	ProjectSection(ProjectDependencies) = postProject
		{F6D65E28-B025-364C-B33A-2D710C8E9C7B} = {F6D65E28-B025-364C-B33A-2D710C8E9C7B}
	EndProjectSection
EndProject
Global
	GlobalSection(SolutionConfigurationPlatforms) = preSolution
		Debug|Win32 = Debug|Win32
		Release|Win32 = Release|Win32
		MinSizeRel|Win32 = MinSizeRel|Win32
		RelWithDebInfo|Win32 = RelWithDebInfo|Win32
	EndGlobalSection
	GlobalSection(ProjectConfigurationPlatforms) = postSolution
		{BFDF46E0-205E-3308-A771-8CB5F3BF93FF}.Debug|Win32.ActiveCfg = Debug|Win32
		{BFDF46E0-205E-3308-A771-8CB5F3BF93FF}.Debug|Win32.Build.0 = Debug|Win32
		{BFDF46E0-205E-3308-A771-8CB5F3BF93FF}.Release|Win32.ActiveCfg = Release|Win32
		{BFDF46E0-205E-3308-A771-8CB5F3BF93FF}.Release|Win32.Build.0 = Release|Win32
		{BFDF46E0-205E-3308-A771-8CB5F3BF93FF}.MinSizeRel|Win32.ActiveCfg = MinSizeRel|Win32
		{BFDF46E0-205E-3308-A771-8CB5F3BF93FF}.MinSizeRel|Win32.Build.0 = MinSizeRel|Win32
		{BFDF46E0-205E-3308-A771-8CB5F3BF93FF}.RelWithDebInfo|Win32.ActiveCfg = RelWithDebInfo|Win32
		{BFDF46E0-205E-3308-A771-8CB5F3BF93FF}.RelWithDebInfo|Win32.Build.0 = RelWithDebInfo|Win32
		{048A2723-63F2-3A77-A04D-0CDADC16FA74}.Debug|Win32.ActiveCfg = Debug|Win32
		{048A2723-63F2-3A77-A04D-0CDADC16FA74}.Debug|Win32.Build.0 = Debug|Win32
		{048A2723-63F2-3A77-A04D-0CDADC16FA74}.Release|Win32.ActiveCfg = Release|Win32
		{048A2723-63F2-3A77-A04D-0CDADC16FA74}.Release|Win32.Build.0 = Release|Win32
		{048A2723-63F2-3A77-A04D-0CDADC16FA74}.MinSizeRel|Win32.ActiveCfg = MinSizeRel|Win32
		{048A2723-63F2-3A77-A04D-0CDADC16FA74}.MinSizeRel|Win32.Build.0 = MinSizeRel|Win32
		{048A2723-63F2-3A77-A04D-0CDADC16FA74}.RelWithDebInfo|Win32.ActiveCfg = RelWithDebInfo|Win32
		{048A2723-63F2-3A77-A04D-0CDADC16FA74}.RelWithDebInfo|Win32.Build.0 = RelWithDebInfo|Win32
		{9A387EA9-D2B2-338C-83ED-1496AA17C711}.Debug|Win32.ActiveCfg = Debug|Win32
		{9A387EA9-D2B2-338C-83ED-1496AA17C711}.Debug|Win32.Build.0 = Debug|Win32
		{9A387EA9-D2B2-338C-83ED-1496AA17C711}.Release|Win32.ActiveCfg = Release|Win32
		{9A387EA9-D2B2-338C-83ED-1496AA17C711}.Release|Win32.Build.0 = Release|Win32
		{9A387EA9-D2B2-338C-83ED-1496AA17C711}.MinSizeRel|Win32.ActiveCfg = MinSizeRel|Win32
		{9A387EA9-D2B2-338C-83ED-1496AA17C711}.MinSizeRel|Win32.Build.0 = MinSizeRel|Win32
		{9A387EA9-D2B2-338C-83ED-1496AA17C711}.RelWithDebInfo|Win32.ActiveCfg = RelWithDebInfo|Win32
		{9A387EA9-D2B2-338C-83ED-1496AA17C711}.RelWithDebInfo|Win32.Build.0 = RelWithDebInfo|Win32
		{20C174F1-A554-3FD5-8B6E-773694FACCD1}.Debug|Win32.ActiveCfg = Debug|Win32
		{20C174F1-A554-3FD5-8B6E-773694FACCD1}.Debug|Win32.Build.0 = Debug|Win32
		{20C174F1-A554-3FD5-8B6E-773694FACCD1}.Release|Win32.ActiveCfg = Release|Win32
		{20C174F1-A554-3FD5-8B6E-773694FACCD1}.Release|Win32.Build.0 = Release|Win32
		{20C174F1-A554-3FD5-8B6E-773694FACCD1}.MinSizeRel|Win32.ActiveCfg = MinSizeRel|Win32
		{20C174F1-A554-3FD5-8B6E-773694FACCD1}.MinSizeRel|Win32.Build.0 = MinSizeRel|Win32
		{20C174F1-A554-3FD5-8B6E-773694FACCD1}.RelWithDebInfo|Win32.ActiveCfg = RelWithDebInfo|Win32
		{20C174F1-A554-3FD5-8B6E-773694FACCD1}.RelWithDebInfo|Win32.Build.0 = RelWithDebInfo|Win32
		{BB33B5DD-F6FE-3812-B404-CB51A576BC83}.Debug|Win32.ActiveCfg = Debug|Win32
		{BB33B5DD-F6FE-3812-B404-CB51A576BC83}.Debug|Win32.Build.0 = Debug|Win32
		{BB33B5DD-F6FE-3812-B404-CB51A576BC83}.Release|Win32.ActiveCfg = Release|Win32
		{BB33B5DD-F6FE-3812-B404-CB51A576BC83}.Release|Win32.Build.0 = Release|Win32
		{BB33B5DD-F6FE-3812-B404-CB51A576BC83}.MinSizeRel|Win32.ActiveCfg = MinSizeRel|Win32
		{BB33B5DD-F6FE-3812-B404-CB51A576BC83}.MinSizeRel|Win32.Build.0 = MinSizeRel|Win32
		{BB33B5DD-F6FE-3812-B404-CB51A576BC83}.RelWithDebInfo|Win32.ActiveCfg = RelWithDebInfo|Win32
		{BB33B5DD-F6FE-3812-B404-CB51A576BC83}.RelWithDebInfo|Win32.Build.0 = RelWithDebInfo|Win32
		{B309442E-8246-3B40-9F74-5CE1CAF9BAEB}.Debug|Win32.ActiveCfg = Debug|Win32
		{B309442E-8246-3B40-9F74-5CE1CAF9BAEB}.Debug|Win32.Build.0 = Debug|Win32
		{B309442E-8246-3B40-9F74-5CE1CAF9BAEB}.Release|Win32.ActiveCfg = Release|Win32
		{B309442E-8246-3B40-9F74-5CE1CAF9BAEB}.Release|Win32.Build.0 = Release|Win32
		{B309442E-8246-3B40-9F74-5CE1CAF9BAEB}.MinSizeRel|Win32.ActiveCfg = MinSizeRel|Win32
		{B309442E-8246-3B40-9F74-5CE1CAF9BAEB}.MinSizeRel|Win32.Build.0 = MinSizeRel|Win32
		{B309442E-8246-3B40-9F74-5CE1CAF9BAEB}.RelWithDebInfo|Win32.ActiveCfg = RelWithDebInfo|Win32
		{B309442E-8246-3B40-9F74-5CE1CAF9BAEB}.RelWithDebInfo|Win32.Build.0 = RelWithDebInfo|Win32
		{CBB5554E-00E0-3142-A1D4-B64061FA6EAE}.Debug|Win32.ActiveCfg = Debug|Win32
		{CBB5554E-00E0-3142-A1D4-B64061FA6EAE}.Debug|Win32.Build.0 = Debug|Win32
		{CBB5554E-00E0-3142-A1D4-B64061FA6EAE}.Release|Win32.ActiveCfg = Release|Win32
		{CBB5554E-00E0-3142-A1D4-B64061FA6EAE}.Release|Win32.Build.0 = Release|Win32
		{CBB5554E-00E0-3142-A1D4-B64061FA6EAE}.MinSizeRel|Win32.ActiveCfg = MinSizeRel|Win32
		{CBB5554E-00E0-3142-A1D4-B64061FA6EAE}.MinSizeRel|Win32.Build.0 = MinSizeRel|Win32
		{CBB5554E-00E0-3142-A1D4-B64061FA6EAE}.RelWithDebInfo|Win32.ActiveCfg = RelWithDebInfo|Win32
		{CBB5554E-00E0-3142-A1D4-B64061FA6EAE}.RelWithDebInfo|Win32.Build.0 = RelWithDebInfo|Win32
		{8378374E-507A-363A-BE57-CA37516D6A96}.Debug|Win32.ActiveCfg = Debug|Win32
		{8378374E-507A-363A-BE57-CA37516D6A96}.Debug|Win32.Build.0 = Debug|Win32
		{8378374E-507A-363A-BE57-CA37516D6A96}.Release|Win32.ActiveCfg = Release|Win32
		{8378374E-507A-363A-BE57-CA37516D6A96}.Release|Win32.Build.0 = Release|Win32
		{8378374E-507A-363A-BE57-CA37516D6A96}.MinSizeRel|Win32.ActiveCfg = MinSizeRel|Win32
		{8378374E-507A-363A-BE57-CA37516D6A96}.MinSizeRel|Win32.Build.0 = MinSizeRel|Win32
		{8378374E-507A-363A-BE57-CA37516D6A96}.RelWithDebInfo|Win32.ActiveCfg = RelWithDebInfo|Win32
		{8378374E-507A-363A-BE57-CA37516D6A96}.RelWithDebInfo|Win32.Build.0 = RelWithDebInfo|Win32
		{44E01EE6-D04A-3230-A969-FCE8419C57DF}.Debug|Win32.ActiveCfg = Debug|Win32
		{44E01EE6-D04A-3230-A969-FCE8419C57DF}.Debug|Win32.Build.0 = Debug|Win32
		{44E01EE6-D04A-3230-A969-FCE8419C57DF}.Release|Win32.ActiveCfg = Release|Win32
		{44E01EE6-D04A-3230-A969-FCE8419C57DF}.Release|Win32.Build.0 = Release|Win32
		{44E01EE6-D04A-3230-A969-FCE8419C57DF}.MinSizeRel|Win32.ActiveCfg = MinSizeRel|Win32
		{44E01EE6-D04A-3230-A969-FCE8419C57DF}.MinSizeRel|Win32.Build.0 = MinSizeRel|Win32
		{44E01EE6-D04A-3230-A969-FCE8419C57DF}.RelWithDebInfo|Win32.ActiveCfg = RelWithDebInfo|Win32
		{44E01EE6-D04A-3230-A969-FCE8419C57DF}.RelWithDebInfo|Win32.Build.0 = RelWithDebInfo|Win32
		{7329D324-6128-36CD-B034-26040FC6C54B}.Debug|Win32.ActiveCfg = Debug|Win32
		{7329D324-6128-36CD-B034-26040FC6C54B}.Debug|Win32.Build.0 = Debug|Win32
		{7329D324-6128-36CD-B034-26040FC6C54B}.Release|Win32.ActiveCfg = Release|Win32
		{7329D324-6128-36CD-B034-26040FC6C54B}.Release|Win32.Build.0 = Release|Win32
		{7329D324-6128-36CD-B034-26040FC6C54B}.MinSizeRel|Win32.ActiveCfg = MinSizeRel|Win32
		{7329D324-6128-36CD-B034-26040FC6C54B}.MinSizeRel|Win32.Build.0 = MinSizeRel|Win32
		{7329D324-6128-36CD-B034-26040FC6C54B}.RelWithDebInfo|Win32.ActiveCfg = RelWithDebInfo|Win32
		{7329D324-6128-36CD-B034-26040FC6C54B}.RelWithDebInfo|Win32.Build.0 = RelWithDebInfo|Win32
		{9B145D7E-4F8E-37D6-98ED-1080311FB4EA}.Debug|Win32.ActiveCfg = Debug|Win32
		{9B145D7E-4F8E-37D6-98ED-1080311FB4EA}.Debug|Win32.Build.0 = Debug|Win32
		{9B145D7E-4F8E-37D6-98ED-1080311FB4EA}.Release|Win32.ActiveCfg = Release|Win32
		{9B145D7E-4F8E-37D6-98ED-1080311FB4EA}.Release|Win32.Build.0 = Release|Win32
		{9B145D7E-4F8E-37D6-98ED-1080311FB4EA}.MinSizeRel|Win32.ActiveCfg = MinSizeRel|Win32
		{9B145D7E-4F8E-37D6-98ED-1080311FB4EA}.MinSizeRel|Win32.Build.0 = MinSizeRel|Win32
		{9B145D7E-4F8E-37D6-98ED-1080311FB4EA}.RelWithDebInfo|Win32.ActiveCfg = RelWithDebInfo|Win32
		{9B145D7E-4F8E-37D6-98ED-1080311FB4EA}.RelWithDebInfo|Win32.Build.0 = RelWithDebInfo|Win32
		{D01EFBB9-74E3-3981-AEE7-724F81761B4A}.Debug|Win32.ActiveCfg = Debug|Win32
		{D01EFBB9-74E3-3981-AEE7-724F81761B4A}.Debug|Win32.Build.0 = Debug|Win32
		{D01EFBB9-74E3-3981-AEE7-724F81761B4A}.Release|Win32.ActiveCfg = Release|Win32
		{D01EFBB9-74E3-3981-AEE7-724F81761B4A}.Release|Win32.Build.0 = Release|Win32
		{D01EFBB9-74E3-3981-AEE7-724F81761B4A}.MinSizeRel|Win32.ActiveCfg = MinSizeRel|Win32
		{D01EFBB9-74E3-3981-AEE7-724F81761B4A}.MinSizeRel|Win32.Build.0 = MinSizeRel|Win32
		{D01EFBB9-74E3-3981-AEE7-724F81761B4A}.RelWithDebInfo|Win32.ActiveCfg = RelWithDebInfo|Win32
		{D01EFBB9-74E3-3981-AEE7-724F81761B4A}.RelWithDebInfo|Win32.Build.0 = RelWithDebInfo|Win32
		{E850DCF6-0D84-3685-A0E0-A775B214F488}.Debug|Win32.ActiveCfg = Debug|Win32
		{E850DCF6-0D84-3685-A0E0-A775B214F488}.Debug|Win32.Build.0 = Debug|Win32
		{E850DCF6-0D84-3685-A0E0-A775B214F488}.Release|Win32.ActiveCfg = Release|Win32
		{E850DCF6-0D84-3685-A0E0-A775B214F488}.Release|Win32.Build.0 = Release|Win32
		{E850DCF6-0D84-3685-A0E0-A775B214F488}.MinSizeRel|Win32.ActiveCfg = MinSizeRel|Win32
		{E850DCF6-0D84-3685-A0E0-A775B214F488}.MinSizeRel|Win32.Build.0 = MinSizeRel|Win32
		{E850DCF6-0D84-3685-A0E0-A775B214F488}.RelWithDebInfo|Win32.ActiveCfg = RelWithDebInfo|Win32
		{E850DCF6-0D84-3685-A0E0-A775B214F488}.RelWithDebInfo|Win32.Build.0 = RelWithDebInfo|Win32
		{B984A9B4-023A-387B-B943-DFF92357C1F4}.Debug|Win32.ActiveCfg = Debug|Win32
		{B984A9B4-023A-387B-B943-DFF92357C1F4}.Debug|Win32.Build.0 = Debug|Win32
		{B984A9B4-023A-387B-B943-DFF92357C1F4}.Release|Win32.ActiveCfg = Release|Win32
		{B984A9B4-023A-387B-B943-DFF92357C1F4}.Release|Win32.Build.0 = Release|Win32
		{B984A9B4-023A-387B-B943-DFF92357C1F4}.MinSizeRel|Win32.ActiveCfg = MinSizeRel|Win32
		{B984A9B4-023A-387B-B943-DFF92357C1F4}.MinSizeRel|Win32.Build.0 = MinSizeRel|Win32
		{B984A9B4-023A-387B-B943-DFF92357C1F4}.RelWithDebInfo|Win32.ActiveCfg = RelWithDebInfo|Win32
		{B984A9B4-023A-387B-B943-DFF92357C1F4}.RelWithDebInfo|Win32.Build.0 = RelWithDebInfo|Win32
		{0DAB2730-AA0D-33D3-AD6E-21CE5A7E429A}.Debug|Win32.ActiveCfg = Debug|Win32
		{0DAB2730-AA0D-33D3-AD6E-21CE5A7E429A}.Debug|Win32.Build.0 = Debug|Win32
		{0DAB2730-AA0D-33D3-AD6E-21CE5A7E429A}.Release|Win32.ActiveCfg = Release|Win32
		{0DAB2730-AA0D-33D3-AD6E-21CE5A7E429A}.Release|Win32.Build.0 = Release|Win32
		{0DAB2730-AA0D-33D3-AD6E-21CE5A7E429A}.MinSizeRel|Win32.ActiveCfg = MinSizeRel|Win32
		{0DAB2730-AA0D-33D3-AD6E-21CE5A7E429A}.MinSizeRel|Win32.Build.0 = MinSizeRel|Win32
		{0DAB2730-AA0D-33D3-AD6E-21CE5A7E429A}.RelWithDebInfo|Win32.ActiveCfg = RelWithDebInfo|Win32
		{0DAB2730-AA0D-33D3-AD6E-21CE5A7E429A}.RelWithDebInfo|Win32.Build.0 = RelWithDebInfo|Win32
		{62BA8619-D4E8-3E17-BF21-04A0FB0DC7C9}.Debug|Win32.ActiveCfg = Debug|Win32
		{62BA8619-D4E8-3E17-BF21-04A0FB0DC7C9}.Debug|Win32.Build.0 = Debug|Win32
		{62BA8619-D4E8-3E17-BF21-04A0FB0DC7C9}.Release|Win32.ActiveCfg = Release|Win32
		{62BA8619-D4E8-3E17-BF21-04A0FB0DC7C9}.Release|Win32.Build.0 = Release|Win32
		{62BA8619-D4E8-3E17-BF21-04A0FB0DC7C9}.MinSizeRel|Win32.ActiveCfg = MinSizeRel|Win32
		{62BA8619-D4E8-3E17-BF21-04A0FB0DC7C9}.MinSizeRel|Win32.Build.0 = MinSizeRel|Win32
		{62BA8619-D4E8-3E17-BF21-04A0FB0DC7C9}.RelWithDebInfo|Win32.ActiveCfg = RelWithDebInfo|Win32
		{62BA8619-D4E8-3E17-BF21-04A0FB0DC7C9}.RelWithDebInfo|Win32.Build.0 = RelWithDebInfo|Win32
		{A41E0E4C-DF3F-3068-A98D-540ED161600F}.Debug|Win32.ActiveCfg = Debug|Win32
		{A41E0E4C-DF3F-3068-A98D-540ED161600F}.Debug|Win32.Build.0 = Debug|Win32
		{A41E0E4C-DF3F-3068-A98D-540ED161600F}.Release|Win32.ActiveCfg = Release|Win32
		{A41E0E4C-DF3F-3068-A98D-540ED161600F}.Release|Win32.Build.0 = Release|Win32
		{A41E0E4C-DF3F-3068-A98D-540ED161600F}.MinSizeRel|Win32.ActiveCfg = MinSizeRel|Win32
		{A41E0E4C-DF3F-3068-A98D-540ED161600F}.MinSizeRel|Win32.Build.0 = MinSizeRel|Win32
		{A41E0E4C-DF3F-3068-A98D-540ED161600F}.RelWithDebInfo|Win32.ActiveCfg = RelWithDebInfo|Win32
		{A41E0E4C-DF3F-3068-A98D-540ED161600F}.RelWithDebInfo|Win32.Build.0 = RelWithDebInfo|Win32
		{FDD779CF-1CA3-364B-87C3-82D351ECBC28}.Debug|Win32.ActiveCfg = Debug|Win32
		{FDD779CF-1CA3-364B-87C3-82D351ECBC28}.Debug|Win32.Build.0 = Debug|Win32
		{FDD779CF-1CA3-364B-87C3-82D351ECBC28}.Release|Win32.ActiveCfg = Release|Win32
		{FDD779CF-1CA3-364B-87C3-82D351ECBC28}.Release|Win32.Build.0 = Release|Win32
		{FDD779CF-1CA3-364B-87C3-82D351ECBC28}.MinSizeRel|Win32.ActiveCfg = MinSizeRel|Win32
		{FDD779CF-1CA3-364B-87C3-82D351ECBC28}.MinSizeRel|Win32.Build.0 = MinSizeRel|Win32
		{FDD779CF-1CA3-364B-87C3-82D351ECBC28}.RelWithDebInfo|Win32.ActiveCfg = RelWithDebInfo|Win32
		{FDD779CF-1CA3-364B-87C3-82D351ECBC28}.RelWithDebInfo|Win32.Build.0 = RelWithDebInfo|Win32
		{F134CD58-BDC8-33F1-A756-00D430E6ED0B}.Debug|Win32.ActiveCfg = Debug|Win32
		{F134CD58-BDC8-33F1-A756-00D430E6ED0B}.Debug|Win32.Build.0 = Debug|Win32
		{F134CD58-BDC8-33F1-A756-00D430E6ED0B}.Release|Win32.ActiveCfg = Release|Win32
		{F134CD58-BDC8-33F1-A756-00D430E6ED0B}.Release|Win32.Build.0 = Release|Win32
		{F134CD58-BDC8-33F1-A756-00D430E6ED0B}.MinSizeRel|Win32.ActiveCfg = MinSizeRel|Win32
		{F134CD58-BDC8-33F1-A756-00D430E6ED0B}.MinSizeRel|Win32.Build.0 = MinSizeRel|Win32
		{F134CD58-BDC8-33F1-A756-00D430E6ED0B}.RelWithDebInfo|Win32.ActiveCfg = RelWithDebInfo|Win32
		{F134CD58-BDC8-33F1-A756-00D430E6ED0B}.RelWithDebInfo|Win32.Build.0 = RelWithDebInfo|Win32
		{B3766683-33E3-3938-A01F-1C31738F3DBB}.Debug|Win32.ActiveCfg = Debug|Win32
		{B3766683-33E3-3938-A01F-1C31738F3DBB}.Release|Win32.ActiveCfg = Release|Win32
		{B3766683-33E3-3938-A01F-1C31738F3DBB}.MinSizeRel|Win32.ActiveCfg = MinSizeRel|Win32
		{B3766683-33E3-3938-A01F-1C31738F3DBB}.RelWithDebInfo|Win32.ActiveCfg = RelWithDebInfo|Win32
		{C203EB5C-9B26-357C-9595-98A0BAFEB1F6}.Debug|Win32.ActiveCfg = Debug|Win32
		{C203EB5C-9B26-357C-9595-98A0BAFEB1F6}.Debug|Win32.Build.0 = Debug|Win32
		{C203EB5C-9B26-357C-9595-98A0BAFEB1F6}.Release|Win32.ActiveCfg = Release|Win32
		{C203EB5C-9B26-357C-9595-98A0BAFEB1F6}.Release|Win32.Build.0 = Release|Win32
		{C203EB5C-9B26-357C-9595-98A0BAFEB1F6}.MinSizeRel|Win32.ActiveCfg = MinSizeRel|Win32
		{C203EB5C-9B26-357C-9595-98A0BAFEB1F6}.MinSizeRel|Win32.Build.0 = MinSizeRel|Win32
		{C203EB5C-9B26-357C-9595-98A0BAFEB1F6}.RelWithDebInfo|Win32.ActiveCfg = RelWithDebInfo|Win32
		{C203EB5C-9B26-357C-9595-98A0BAFEB1F6}.RelWithDebInfo|Win32.Build.0 = RelWithDebInfo|Win32
		{2B58ECD8-97B7-3215-8AA9-0A92CCC19740}.Debug|Win32.ActiveCfg = Debug|Win32
		{2B58ECD8-97B7-3215-8AA9-0A92CCC19740}.Debug|Win32.Build.0 = Debug|Win32
		{2B58ECD8-97B7-3215-8AA9-0A92CCC19740}.Release|Win32.ActiveCfg = Release|Win32
		{2B58ECD8-97B7-3215-8AA9-0A92CCC19740}.Release|Win32.Build.0 = Release|Win32
		{2B58ECD8-97B7-3215-8AA9-0A92CCC19740}.MinSizeRel|Win32.ActiveCfg = MinSizeRel|Win32
		{2B58ECD8-97B7-3215-8AA9-0A92CCC19740}.MinSizeRel|Win32.Build.0 = MinSizeRel|Win32
		{2B58ECD8-97B7-3215-8AA9-0A92CCC19740}.RelWithDebInfo|Win32.ActiveCfg = RelWithDebInfo|Win32
		{2B58ECD8-97B7-3215-8AA9-0A92CCC19740}.RelWithDebInfo|Win32.Build.0 = RelWithDebInfo|Win32
		{F6D65E28-B025-364C-B33A-2D710C8E9C7B}.Debug|Win32.ActiveCfg = Debug|Win32
		{F6D65E28-B025-364C-B33A-2D710C8E9C7B}.Debug|Win32.Build.0 = Debug|Win32
		{F6D65E28-B025-364C-B33A-2D710C8E9C7B}.Release|Win32.ActiveCfg = Release|Win32
		{F6D65E28-B025-364C-B33A-2D710C8E9C7B}.Release|Win32.Build.0 = Release|Win32
		{F6D65E28-B025-364C-B33A-2D710C8E9C7B}.MinSizeRel|Win32.ActiveCfg = MinSizeRel|Win32
		{F6D65E28-B025-364C-B33A-2D710C8E9C7B}.MinSizeRel|Win32.Build.0 = MinSizeRel|Win32
		{F6D65E28-B025-364C-B33A-2D710C8E9C7B}.RelWithDebInfo|Win32.ActiveCfg = RelWithDebInfo|Win32
		{F6D65E28-B025-364C-B33A-2D710C8E9C7B}.RelWithDebInfo|Win32.Build.0 = RelWithDebInfo|Win32
		{0DF03374-FCB4-339A-9D0D-E5724DB54835}.Debug|Win32.ActiveCfg = Debug|Win32
		{0DF03374-FCB4-339A-9D0D-E5724DB54835}.Debug|Win32.Build.0 = Debug|Win32
		{0DF03374-FCB4-339A-9D0D-E5724DB54835}.Release|Win32.ActiveCfg = Release|Win32
		{0DF03374-FCB4-339A-9D0D-E5724DB54835}.Release|Win32.Build.0 = Release|Win32
		{0DF03374-FCB4-339A-9D0D-E5724DB54835}.MinSizeRel|Win32.ActiveCfg = MinSizeRel|Win32
		{0DF03374-FCB4-339A-9D0D-E5724DB54835}.MinSizeRel|Win32.Build.0 = MinSizeRel|Win32
		{0DF03374-FCB4-339A-9D0D-E5724DB54835}.RelWithDebInfo|Win32.ActiveCfg = RelWithDebInfo|Win32
		{0DF03374-FCB4-339A-9D0D-E5724DB54835}.RelWithDebInfo|Win32.Build.0 = RelWithDebInfo|Win32
		{B61158A8-5001-3878-9B34-D9591E0CC051}.Debug|Win32.ActiveCfg = Debug|Win32
		{B61158A8-5001-3878-9B34-D9591E0CC051}.Debug|Win32.Build.0 = Debug|Win32
		{B61158A8-5001-3878-9B34-D9591E0CC051}.Release|Win32.ActiveCfg = Release|Win32
		{B61158A8-5001-3878-9B34-D9591E0CC051}.Release|Win32.Build.0 = Release|Win32
		{B61158A8-5001-3878-9B34-D9591E0CC051}.MinSizeRel|Win32.ActiveCfg = MinSizeRel|Win32
		{B61158A8-5001-3878-9B34-D9591E0CC051}.MinSizeRel|Win32.Build.0 = MinSizeRel|Win32
		{B61158A8-5001-3878-9B34-D9591E0CC051}.RelWithDebInfo|Win32.ActiveCfg = RelWithDebInfo|Win32
		{B61158A8-5001-3878-9B34-D9591E0CC051}.RelWithDebInfo|Win32.Build.0 = RelWithDebInfo|Win32
	EndGlobalSection
	GlobalSection(ExtensibilityGlobals) = postSolution
	EndGlobalSection
	GlobalSection(ExtensibilityAddIns) = postSolution
	EndGlobalSection
EndGlobal
