<?xml version="1.0" encoding="UTF-8"?>
<Project ToolsVersion="12.0" xmlns="http://schemas.microsoft.com/developer/msbuild/2003">
  <ItemGroup>
    <CustomBuild Include="C:\Users\sabo0165\Desktop\New folder\Build\CMakeFiles\2cd31bb8326d1fadd514fe469c51c4c6\INSTALL_force.rule">
      <Filter>CMake Rules</Filter>
    </CustomBuild>
  </ItemGroup>
  <ItemGroup>
    <Filter Include="CMake Rules">
      <UniqueIdentifier>{0CE2549A-5BFC-3B42-8921-0C82629A8AA6}</UniqueIdentifier>
    </Filter>
  </ItemGroup>
</Project>
