<?xml version="1.0" encoding="UTF-8"?>
<Project ToolsVersion="12.0" xmlns="http://schemas.microsoft.com/developer/msbuild/2003">
  <ItemGroup>
    <ClCompile Include="C:\Users\sabo0165\Downloads\bullet3-2.83.6\Extras\GIMPACTUtils\btGImpactConvexDecompositionShape.cpp">
      <Filter>Source Files</Filter>
    </ClCompile>
  </ItemGroup>
  <ItemGroup>
    <ClInclude Include="C:\Users\sabo0165\Downloads\bullet3-2.83.6\Extras\GIMPACTUtils\btGImpactConvexDecompositionShape.h">
      <Filter>Header Files</Filter>
    </ClInclude>
  </ItemGroup>
  <ItemGroup>
    <CustomBuild Include="C:\Users\sabo0165\Downloads\bullet3-2.83.6\Extras\GIMPACTUtils\CMakeLists.txt" />
  </ItemGroup>
  <ItemGroup>
    <Filter Include="Source Files">
      <UniqueIdentifier>{3F8180F9-E11E-3630-A099-F5E8EA0330C3}</UniqueIdentifier>
    </Filter>
    <Filter Include="Header Files">
      <UniqueIdentifier>{4C4275D6-8CD3-399B-91AD-EF0B94ECAB28}</UniqueIdentifier>
    </Filter>
  </ItemGroup>
</Project>
