<?xml version="1.0" encoding="UTF-8"?>
<Project ToolsVersion="12.0" xmlns="http://schemas.microsoft.com/developer/msbuild/2003">
  <ItemGroup>
    <ClCompile Include="C:\Users\sabo0165\Downloads\bullet3-2.83.6\src\Bullet3Serialize\Bullet2FileLoader\b3BulletFile.cpp">
      <Filter>Source Files</Filter>
    </ClCompile>
    <ClCompile Include="C:\Users\sabo0165\Downloads\bullet3-2.83.6\src\Bullet3Serialize\Bullet2FileLoader\b3Chunk.cpp">
      <Filter>Source Files</Filter>
    </ClCompile>
    <ClCompile Include="C:\Users\sabo0165\Downloads\bullet3-2.83.6\src\Bullet3Serialize\Bullet2FileLoader\b3DNA.cpp">
      <Filter>Source Files</Filter>
    </ClCompile>
    <ClCompile Include="C:\Users\sabo0165\Downloads\bullet3-2.83.6\src\Bullet3Serialize\Bullet2FileLoader\b3File.cpp">
      <Filter>Source Files</Filter>
    </ClCompile>
    <ClCompile Include="C:\Users\sabo0165\Downloads\bullet3-2.83.6\src\Bullet3Serialize\Bullet2FileLoader\b3Serializer.cpp">
      <Filter>Source Files</Filter>
    </ClCompile>
  </ItemGroup>
  <ItemGroup>
    <ClInclude Include="C:\Users\sabo0165\Downloads\bullet3-2.83.6\src\Bullet3Serialize\Bullet2FileLoader\b3BulletFile.h">
      <Filter>Header Files</Filter>
    </ClInclude>
    <ClInclude Include="C:\Users\sabo0165\Downloads\bullet3-2.83.6\src\Bullet3Serialize\Bullet2FileLoader\b3Chunk.h">
      <Filter>Header Files</Filter>
    </ClInclude>
    <ClInclude Include="C:\Users\sabo0165\Downloads\bullet3-2.83.6\src\Bullet3Serialize\Bullet2FileLoader\b3Common.h">
      <Filter>Header Files</Filter>
    </ClInclude>
    <ClInclude Include="C:\Users\sabo0165\Downloads\bullet3-2.83.6\src\Bullet3Serialize\Bullet2FileLoader\b3Defines.h">
      <Filter>Header Files</Filter>
    </ClInclude>
    <ClInclude Include="C:\Users\sabo0165\Downloads\bullet3-2.83.6\src\Bullet3Serialize\Bullet2FileLoader\b3DNA.h">
      <Filter>Header Files</Filter>
    </ClInclude>
    <ClInclude Include="C:\Users\sabo0165\Downloads\bullet3-2.83.6\src\Bullet3Serialize\Bullet2FileLoader\b3File.h">
      <Filter>Header Files</Filter>
    </ClInclude>
    <ClInclude Include="C:\Users\sabo0165\Downloads\bullet3-2.83.6\src\Bullet3Serialize\Bullet2FileLoader\b3Serializer.h">
      <Filter>Header Files</Filter>
    </ClInclude>
    <ClInclude Include="C:\Users\sabo0165\Downloads\bullet3-2.83.6\src\Bullet3Serialize\Bullet2FileLoader\autogenerated\bullet2.h">
      <Filter>Header Files</Filter>
    </ClInclude>
  </ItemGroup>
  <ItemGroup>
    <CustomBuild Include="C:\Users\sabo0165\Downloads\bullet3-2.83.6\src\Bullet3Serialize\Bullet2FileLoader\CMakeLists.txt" />
  </ItemGroup>
  <ItemGroup>
    <Filter Include="Source Files">
      <UniqueIdentifier>{3F8180F9-E11E-3630-A099-F5E8EA0330C3}</UniqueIdentifier>
    </Filter>
    <Filter Include="Header Files">
      <UniqueIdentifier>{4C4275D6-8CD3-399B-91AD-EF0B94ECAB28}</UniqueIdentifier>
    </Filter>
  </ItemGroup>
</Project>
